
Microsoft Visual Studio Solution File, Format Version 12.00
# Visual Studio 14
VisualStudioVersion = 14.0.25420.1
MinimumVisualStudioVersion = 10.0.40219.1
Project("{FAE04EC0-301F-11D3-BF4B-00C04F79EFBC}") = "NewsComparerTester", "NewsComparerTester\NewsComparerTester.csproj", "{5C85D89D-50EB-416C-B538-A36EBA7A2C71}"
EndProject
Project("{FAE04EC0-301F-11D3-BF4B-00C04F79EFBC}") = "NewsComparerLib", "NewsComparerLib\NewsComparerLib.csproj", "{758433FF-317F-446D-8C87-DF72C5630354}"
EndProject
Global
	GlobalSection(SolutionConfigurationPlatforms) = preSolution
		Debug|Any CPU = Debug|Any CPU
		Release|Any CPU = Release|Any CPU
	EndGlobalSection
	GlobalSection(ProjectConfigurationPlatforms) = postSolution
		{5C85D89D-50EB-416C-B538-A36EBA7A2C71}.Debug|Any CPU.ActiveCfg = Debug|Any CPU
		{5C85D89D-50EB-416C-B538-A36EBA7A2C71}.Debug|Any CPU.Build.0 = Debug|Any CPU
		{5C85D89D-50EB-416C-B538-A36EBA7A2C71}.Release|Any CPU.ActiveCfg = Release|Any CPU
		{5C85D89D-50EB-416C-B538-A36EBA7A2C71}.Release|Any CPU.Build.0 = Release|Any CPU
		{758433FF-317F-446D-8C87-DF72C5630354}.Debug|Any CPU.ActiveCfg = Debug|Any CPU
		{758433FF-317F-446D-8C87-DF72C5630354}.Debug|Any CPU.Build.0 = Debug|Any CPU
		{758433FF-317F-446D-8C87-DF72C5630354}.Release|Any CPU.ActiveCfg = Release|Any CPU
		{758433FF-317F-446D-8C87-DF72C5630354}.Release|Any CPU.Build.0 = Release|Any CPU
	EndGlobalSection
	GlobalSection(SolutionProperties) = preSolution
		HideSolutionNode = FALSE
	EndGlobalSection
EndGlobal
